
Microsoft Visual Studio Solution File, Format Version 12.00
# Visual Studio 15
VisualStudioVersion = 15.0.28010.0
MinimumVisualStudioVersion = 10.0.40219.1
Project("{FAE04EC0-301F-11D3-BF4B-00C04F79EFBC}") = "DDDToolbox", "DDDToolbox\DDDToolbox\DDDToolbox.csproj", "{1863D2A8-497D-488D-ACC8-32689DD2D648}"
EndProject
Project("{FAE04EC0-301F-11D3-BF4B-00C04F79EFBC}") = "DDDToolbox.Vsix", "DDDToolbox\DDDToolbox.Vsix\DDDToolbox.Vsix.csproj", "{2AED06D4-AB11-492B-897E-90998C84E574}"
EndProject
Global
	GlobalSection(SolutionConfigurationPlatforms) = preSolution
		Debug|Any CPU = Debug|Any CPU
		Release|Any CPU = Release|Any CPU
	EndGlobalSection
	GlobalSection(ProjectConfigurationPlatforms) = postSolution
		{1863D2A8-497D-488D-ACC8-32689DD2D648}.Debug|Any CPU.ActiveCfg = Debug|Any CPU
		{1863D2A8-497D-488D-ACC8-32689DD2D648}.Debug|Any CPU.Build.0 = Debug|Any CPU
		{1863D2A8-497D-488D-ACC8-32689DD2D648}.Release|Any CPU.ActiveCfg = Release|Any CPU
		{1863D2A8-497D-488D-ACC8-32689DD2D648}.Release|Any CPU.Build.0 = Release|Any CPU
		{2AED06D4-AB11-492B-897E-90998C84E574}.Debug|Any CPU.ActiveCfg = Debug|Any CPU
		{2AED06D4-AB11-492B-897E-90998C84E574}.Debug|Any CPU.Build.0 = Debug|Any CPU
		{2AED06D4-AB11-492B-897E-90998C84E574}.Release|Any CPU.ActiveCfg = Release|Any CPU
		{2AED06D4-AB11-492B-897E-90998C84E574}.Release|Any CPU.Build.0 = Release|Any CPU
	EndGlobalSection
	GlobalSection(SolutionProperties) = preSolution
		HideSolutionNode = FALSE
	EndGlobalSection
	GlobalSection(ExtensibilityGlobals) = postSolution
		SolutionGuid = {F17279B2-AC3E-45C6-B10D-8E2A2E631C52}
	EndGlobalSection
EndGlobal
